// !$*UTF8*$!
{
	archiveVersion = 1;
	classes = {
	};
	objectVersion = 46;
	objects = {

/* Begin PBXBuildFile section */
		6F37E9441A5EBBF600BEA8BE /* main.m in Sources */ = {isa = PBXBuildFile; fileRef = 6F37E9431A5EBBF600BEA8BE /* main.m */; };
		6F37E9471A5EBBF600BEA8BE /* AppDelegate.m in Sources */ = {isa = PBXBuildFile; fileRef = 6F37E9461A5EBBF600BEA8BE /* AppDelegate.m */; };
		6F37E94A1A5EBBF600BEA8BE /* CRComicCollectionViewController.m in Sources */ = {isa = PBXBuildFile; fileRef = 6F37E9491A5EBBF600BEA8BE /* CRComicCollectionViewController.m */; };
		6F37E94D1A5EBBF600BEA8BE /* Main.storyboard in Resources */ = {isa = PBXBuildFile; fileRef = 6F37E94B1A5EBBF600BEA8BE /* Main.storyboard */; };
		6F37E94F1A5EBBF600BEA8BE /* Images.xcassets in Resources */ = {isa = PBXBuildFile; fileRef = 6F37E94E1A5EBBF600BEA8BE /* Images.xcassets */; };
		6F37E9521A5EBBF600BEA8BE /* LaunchScreen.xib in Resources */ = {isa = PBXBuildFile; fileRef = 6F37E9501A5EBBF600BEA8BE /* LaunchScreen.xib */; };
		6F37E95E1A5EBBF600BEA8BE /* xkcdTests.m in Sources */ = {isa = PBXBuildFile; fileRef = 6F37E95D1A5EBBF600BEA8BE /* xkcdTests.m */; };
		6F37E9681A5EBCE300BEA8BE /* comics.json in Resources */ = {isa = PBXBuildFile; fileRef = 6F37E9671A5EBCE300BEA8BE /* comics.json */; };
		6F7CC9B21A60870A004DED0D /* FSN_categories.m in Sources */ = {isa = PBXBuildFile; fileRef = 6F7CC9AD1A60870A004DED0D /* FSN_categories.m */; };
		6F7CC9B31A60870A004DED0D /* FSNConnection.m in Sources */ = {isa = PBXBuildFile; fileRef = 6F7CC9AF1A60870A004DED0D /* FSNConnection.m */; };
		6F7CC9B41A60870A004DED0D /* FSNData.m in Sources */ = {isa = PBXBuildFile; fileRef = 6F7CC9B11A60870A004DED0D /* FSNData.m */; };
		6FA64D4B1A5EC7470091C52F /* CRComicService.m in Sources */ = {isa = PBXBuildFile; fileRef = 6FA64D4A1A5EC7470091C52F /* CRComicService.m */; };
		6FA64D4E1A5EC7500091C52F /* CRComic.m in Sources */ = {isa = PBXBuildFile; fileRef = 6FA64D4D1A5EC7500091C52F /* CRComic.m */; };
		6FA64D511A5EC7700091C52F /* CRComicCollectionViewCell.m in Sources */ = {isa = PBXBuildFile; fileRef = 6FA64D501A5EC7700091C52F /* CRComicCollectionViewCell.m */; };
/* End PBXBuildFile section */

/* Begin PBXContainerItemProxy section */
		6F37E9581A5EBBF600BEA8BE /* PBXContainerItemProxy */ = {
			isa = PBXContainerItemProxy;
			containerPortal = 6F37E9361A5EBBF600BEA8BE /* Project object */;
			proxyType = 1;
			remoteGlobalIDString = 6F37E93D1A5EBBF600BEA8BE;
			remoteInfo = xkcd;
		};
/* End PBXContainerItemProxy section */

/* Begin PBXFileReference section */
		6F37E93E1A5EBBF600BEA8BE /* xkcd.app */ = {isa = PBXFileReference; explicitFileType = wrapper.application; includeInIndex = 0; path = xkcd.app; sourceTree = BUILT_PRODUCTS_DIR; };
		6F37E9421A5EBBF600BEA8BE /* Info.plist */ = {isa = PBXFileReference; lastKnownFileType = text.plist.xml; path = Info.plist; sourceTree = "<group>"; };
		6F37E9431A5EBBF600BEA8BE /* main.m */ = {isa = PBXFileReference; lastKnownFileType = sourcecode.c.objc; path = main.m; sourceTree = "<group>"; };
		6F37E9451A5EBBF600BEA8BE /* AppDelegate.h */ = {isa = PBXFileReference; lastKnownFileType = sourcecode.c.h; path = AppDelegate.h; sourceTree = "<group>"; };
		6F37E9461A5EBBF600BEA8BE /* AppDelegate.m */ = {isa = PBXFileReference; lastKnownFileType = sourcecode.c.objc; path = AppDelegate.m; sourceTree = "<group>"; };
		6F37E9481A5EBBF600BEA8BE /* CRComicCollectionViewController.h */ = {isa = PBXFileReference; lastKnownFileType = sourcecode.c.h; path = CRComicCollectionViewController.h; sourceTree = "<group>"; };
		6F37E9491A5EBBF600BEA8BE /* CRComicCollectionViewController.m */ = {isa = PBXFileReference; lastKnownFileType = sourcecode.c.objc; path = CRComicCollectionViewController.m; sourceTree = "<group>"; };
		6F37E94C1A5EBBF600BEA8BE /* Base */ = {isa = PBXFileReference; lastKnownFileType = file.storyboard; name = Base; path = Base.lproj/Main.storyboard; sourceTree = "<group>"; };
		6F37E94E1A5EBBF600BEA8BE /* Images.xcassets */ = {isa = PBXFileReference; lastKnownFileType = folder.assetcatalog; path = Images.xcassets; sourceTree = "<group>"; };
		6F37E9511A5EBBF600BEA8BE /* Base */ = {isa = PBXFileReference; lastKnownFileType = file.xib; name = Base; path = Base.lproj/LaunchScreen.xib; sourceTree = "<group>"; };
		6F37E9571A5EBBF600BEA8BE /* xkcdTests.xctest */ = {isa = PBXFileReference; explicitFileType = wrapper.cfbundle; includeInIndex = 0; path = xkcdTests.xctest; sourceTree = BUILT_PRODUCTS_DIR; };
		6F37E95C1A5EBBF600BEA8BE /* Info.plist */ = {isa = PBXFileReference; lastKnownFileType = text.plist.xml; path = Info.plist; sourceTree = "<group>"; };
		6F37E95D1A5EBBF600BEA8BE /* xkcdTests.m */ = {isa = PBXFileReference; lastKnownFileType = sourcecode.c.objc; path = xkcdTests.m; sourceTree = "<group>"; };
		6F37E9671A5EBCE300BEA8BE /* comics.json */ = {isa = PBXFileReference; fileEncoding = 4; lastKnownFileType = text.json; path = comics.json; sourceTree = "<group>"; };
		6F7CC9AC1A60870A004DED0D /* FSN_categories.h */ = {isa = PBXFileReference; fileEncoding = 4; lastKnownFileType = sourcecode.c.h; path = FSN_categories.h; sourceTree = "<group>"; };
		6F7CC9AD1A60870A004DED0D /* FSN_categories.m */ = {isa = PBXFileReference; fileEncoding = 4; lastKnownFileType = sourcecode.c.objc; path = FSN_categories.m; sourceTree = "<group>"; };
		6F7CC9AE1A60870A004DED0D /* FSNConnection.h */ = {isa = PBXFileReference; fileEncoding = 4; lastKnownFileType = sourcecode.c.h; path = FSNConnection.h; sourceTree = "<group>"; };
		6F7CC9AF1A60870A004DED0D /* FSNConnection.m */ = {isa = PBXFileReference; fileEncoding = 4; lastKnownFileType = sourcecode.c.objc; path = FSNConnection.m; sourceTree = "<group>"; };
		6F7CC9B01A60870A004DED0D /* FSNData.h */ = {isa = PBXFileReference; fileEncoding = 4; lastKnownFileType = sourcecode.c.h; path = FSNData.h; sourceTree = "<group>"; };
		6F7CC9B11A60870A004DED0D /* FSNData.m */ = {isa = PBXFileReference; fileEncoding = 4; lastKnownFileType = sourcecode.c.objc; path = FSNData.m; sourceTree = "<group>"; };
		6FA64D491A5EC7470091C52F /* CRComicService.h */ = {isa = PBXFileReference; fileEncoding = 4; lastKnownFileType = sourcecode.c.h; path = CRComicService.h; sourceTree = "<group>"; };
		6FA64D4A1A5EC7470091C52F /* CRComicService.m */ = {isa = PBXFileReference; fileEncoding = 4; lastKnownFileType = sourcecode.c.objc; path = CRComicService.m; sourceTree = "<group>"; };
		6FA64D4C1A5EC7500091C52F /* CRComic.h */ = {isa = PBXFileReference; fileEncoding = 4; lastKnownFileType = sourcecode.c.h; path = CRComic.h; sourceTree = "<group>"; };
		6FA64D4D1A5EC7500091C52F /* CRComic.m */ = {isa = PBXFileReference; fileEncoding = 4; lastKnownFileType = sourcecode.c.objc; path = CRComic.m; sourceTree = "<group>"; };
		6FA64D4F1A5EC7700091C52F /* CRComicCollectionViewCell.h */ = {isa = PBXFileReference; fileEncoding = 4; lastKnownFileType = sourcecode.c.h; path = CRComicCollectionViewCell.h; sourceTree = "<group>"; };
		6FA64D501A5EC7700091C52F /* CRComicCollectionViewCell.m */ = {isa = PBXFileReference; fileEncoding = 4; lastKnownFileType = sourcecode.c.objc; path = CRComicCollectionViewCell.m; sourceTree = "<group>"; };
/* End PBXFileReference section */

/* Begin PBXFrameworksBuildPhase section */
		6F37E93B1A5EBBF600BEA8BE /* Frameworks */ = {
			isa = PBXFrameworksBuildPhase;
			buildActionMask = 2147483647;
			files = (
			);
			runOnlyForDeploymentPostprocessing = 0;
		};
		6F37E9541A5EBBF600BEA8BE /* Frameworks */ = {
			isa = PBXFrameworksBuildPhase;
			buildActionMask = 2147483647;
			files = (
			);
			runOnlyForDeploymentPostprocessing = 0;
		};
/* End PBXFrameworksBuildPhase section */

/* Begin PBXGroup section */
		6F37E9351A5EBBF600BEA8BE = {
			isa = PBXGroup;
			children = (
				6F37E9401A5EBBF600BEA8BE /* xkcd */,
				6F37E95A1A5EBBF600BEA8BE /* xkcdTests */,
				6F37E93F1A5EBBF600BEA8BE /* Products */,
			);
			sourceTree = "<group>";
		};
		6F37E93F1A5EBBF600BEA8BE /* Products */ = {
			isa = PBXGroup;
			children = (
				6F37E93E1A5EBBF600BEA8BE /* xkcd.app */,
				6F37E9571A5EBBF600BEA8BE /* xkcdTests.xctest */,
			);
			name = Products;
			sourceTree = "<group>";
		};
		6F37E9401A5EBBF600BEA8BE /* xkcd */ = {
			isa = PBXGroup;
			children = (
				6F37E9451A5EBBF600BEA8BE /* AppDelegate.h */,
				6F37E9461A5EBBF600BEA8BE /* AppDelegate.m */,
				6F37E9691A5EBD3600BEA8BE /* Views */,
				6F37E96A1A5EBD6100BEA8BE /* Model */,
				6F37E94B1A5EBBF600BEA8BE /* Main.storyboard */,
				6F37E94E1A5EBBF600BEA8BE /* Images.xcassets */,
				6F37E9501A5EBBF600BEA8BE /* LaunchScreen.xib */,
				6F37E9411A5EBBF600BEA8BE /* Supporting Files */,
			);
			path = xkcd;
			sourceTree = "<group>";
		};
		6F37E9411A5EBBF600BEA8BE /* Supporting Files */ = {
			isa = PBXGroup;
			children = (
				6F7CC9AB1A60870A004DED0D /* FSNetworking */,
				6F37E9421A5EBBF600BEA8BE /* Info.plist */,
				6F37E9431A5EBBF600BEA8BE /* main.m */,
			);
			name = "Supporting Files";
			sourceTree = "<group>";
		};
		6F37E95A1A5EBBF600BEA8BE /* xkcdTests */ = {
			isa = PBXGroup;
			children = (
				6F37E95D1A5EBBF600BEA8BE /* xkcdTests.m */,
				6F37E95B1A5EBBF600BEA8BE /* Supporting Files */,
			);
			path = xkcdTests;
			sourceTree = "<group>";
		};
		6F37E95B1A5EBBF600BEA8BE /* Supporting Files */ = {
			isa = PBXGroup;
			children = (
				6F37E95C1A5EBBF600BEA8BE /* Info.plist */,
			);
			name = "Supporting Files";
			sourceTree = "<group>";
		};
		6F37E9691A5EBD3600BEA8BE /* Views */ = {
			isa = PBXGroup;
			children = (
				6F37E9481A5EBBF600BEA8BE /* CRComicCollectionViewController.h */,
				6F37E9491A5EBBF600BEA8BE /* CRComicCollectionViewController.m */,
				6FA64D4F1A5EC7700091C52F /* CRComicCollectionViewCell.h */,
				6FA64D501A5EC7700091C52F /* CRComicCollectionViewCell.m */,
			);
			name = Views;
			path = View;
			sourceTree = "<group>";
		};
		6F37E96A1A5EBD6100BEA8BE /* Model */ = {
			isa = PBXGroup;
			children = (
				6F37E9671A5EBCE300BEA8BE /* comics.json */,
				6FA64D491A5EC7470091C52F /* CRComicService.h */,
				6FA64D4A1A5EC7470091C52F /* CRComicService.m */,
				6FA64D4C1A5EC7500091C52F /* CRComic.h */,
				6FA64D4D1A5EC7500091C52F /* CRComic.m */,
			);
			path = Model;
			sourceTree = "<group>";
		};
		6F7CC9AB1A60870A004DED0D /* FSNetworking */ = {
			isa = PBXGroup;
			children = (
				6F7CC9AC1A60870A004DED0D /* FSN_categories.h */,
				6F7CC9AD1A60870A004DED0D /* FSN_categories.m */,
				6F7CC9AE1A60870A004DED0D /* FSNConnection.h */,
				6F7CC9AF1A60870A004DED0D /* FSNConnection.m */,
				6F7CC9B01A60870A004DED0D /* FSNData.h */,
				6F7CC9B11A60870A004DED0D /* FSNData.m */,
			);
			path = FSNetworking;
			sourceTree = "<group>";
		};
/* End PBXGroup section */

/* Begin PBXNativeTarget section */
		6F37E93D1A5EBBF600BEA8BE /* xkcd */ = {
			isa = PBXNativeTarget;
			buildConfigurationList = 6F37E9611A5EBBF600BEA8BE /* Build configuration list for PBXNativeTarget "xkcd" */;
			buildPhases = (
				6F37E93A1A5EBBF600BEA8BE /* Sources */,
				6F37E93B1A5EBBF600BEA8BE /* Frameworks */,
				6F37E93C1A5EBBF600BEA8BE /* Resources */,
			);
			buildRules = (
			);
			dependencies = (
			);
			name = xkcd;
			productName = xkcd;
			productReference = 6F37E93E1A5EBBF600BEA8BE /* xkcd.app */;
			productType = "com.apple.product-type.application";
		};
		6F37E9561A5EBBF600BEA8BE /* xkcdTests */ = {
			isa = PBXNativeTarget;
			buildConfigurationList = 6F37E9641A5EBBF600BEA8BE /* Build configuration list for PBXNativeTarget "xkcdTests" */;
			buildPhases = (
				6F37E9531A5EBBF600BEA8BE /* Sources */,
				6F37E9541A5EBBF600BEA8BE /* Frameworks */,
				6F37E9551A5EBBF600BEA8BE /* Resources */,
			);
			buildRules = (
			);
			dependencies = (
				6F37E9591A5EBBF600BEA8BE /* PBXTargetDependency */,
			);
			name = xkcdTests;
			productName = xkcdTests;
			productReference = 6F37E9571A5EBBF600BEA8BE /* xkcdTests.xctest */;
			productType = "com.apple.product-type.bundle.unit-test";
		};
/* End PBXNativeTarget section */

/* Begin PBXProject section */
		6F37E9361A5EBBF600BEA8BE /* Project object */ = {
			isa = PBXProject;
			attributes = {
				LastUpgradeCheck = 0610;
				ORGANIZATIONNAME = "Clay Reimann";
				TargetAttributes = {
					6F37E93D1A5EBBF600BEA8BE = {
						CreatedOnToolsVersion = 6.1.1;
					};
					6F37E9561A5EBBF600BEA8BE = {
						CreatedOnToolsVersion = 6.1.1;
						TestTargetID = 6F37E93D1A5EBBF600BEA8BE;
					};
				};
			};
			buildConfigurationList = 6F37E9391A5EBBF600BEA8BE /* Build configuration list for PBXProject "xkcd" */;
			compatibilityVersion = "Xcode 3.2";
			developmentRegion = English;
			hasScannedForEncodings = 0;
			knownRegions = (
				en,
				Base,
			);
			mainGroup = 6F37E9351A5EBBF600BEA8BE;
			productRefGroup = 6F37E93F1A5EBBF600BEA8BE /* Products */;
			projectDirPath = "";
			projectRoot = "";
			targets = (
				6F37E93D1A5EBBF600BEA8BE /* xkcd */,
				6F37E9561A5EBBF600BEA8BE /* xkcdTests */,
			);
		};
/* End PBXProject section */

/* Begin PBXResourcesBuildPhase section */
		6F37E93C1A5EBBF600BEA8BE /* Resources */ = {
			isa = PBXResourcesBuildPhase;
			buildActionMask = 2147483647;
			files = (
				6F37E94D1A5EBBF600BEA8BE /* Main.storyboard in Resources */,
				6F37E9681A5EBCE300BEA8BE /* comics.json in Resources */,
				6F37E9521A5EBBF600BEA8BE /* LaunchScreen.xib in Resources */,
				6F37E94F1A5EBBF600BEA8BE /* Images.xcassets in Resources */,
			);
			runOnlyForDeploymentPostprocessing = 0;
		};
		6F37E9551A5EBBF600BEA8BE /* Resources */ = {
			isa = PBXResourcesBuildPhase;
			buildActionMask = 2147483647;
			files = (
			);
			runOnlyForDeploymentPostprocessing = 0;
		};
/* End PBXResourcesBuildPhase section */

/* Begin PBXSourcesBuildPhase section */
		6F37E93A1A5EBBF600BEA8BE /* Sources */ = {
			isa = PBXSourcesBuildPhase;
			buildActionMask = 2147483647;
			files = (
				6FA64D4B1A5EC7470091C52F /* CRComicService.m in Sources */,
				6F7CC9B41A60870A004DED0D /* FSNData.m in Sources */,
				6F7CC9B31A60870A004DED0D /* FSNConnection.m in Sources */,
				6F37E94A1A5EBBF600BEA8BE /* CRComicCollectionViewController.m in Sources */,
				6F37E9471A5EBBF600BEA8BE /* AppDelegate.m in Sources */,
				6F37E9441A5EBBF600BEA8BE /* main.m in Sources */,
				6FA64D4E1A5EC7500091C52F /* CRComic.m in Sources */,
				6F7CC9B21A60870A004DED0D /* FSN_categories.m in Sources */,
				6FA64D511A5EC7700091C52F /* CRComicCollectionViewCell.m in Sources */,
			);
			runOnlyForDeploymentPostprocessing = 0;
		};
		6F37E9531A5EBBF600BEA8BE /* Sources */ = {
			isa = PBXSourcesBuildPhase;
			buildActionMask = 2147483647;
			files = (
				6F37E95E1A5EBBF600BEA8BE /* xkcdTests.m in Sources */,
			);
			runOnlyForDeploymentPostprocessing = 0;
		};
/* End PBXSourcesBuildPhase section */

/* Begin PBXTargetDependency section */
		6F37E9591A5EBBF600BEA8BE /* PBXTargetDependency */ = {
			isa = PBXTargetDependency;
			target = 6F37E93D1A5EBBF600BEA8BE /* xkcd */;
			targetProxy = 6F37E9581A5EBBF600BEA8BE /* PBXContainerItemProxy */;
		};
/* End PBXTargetDependency section */

/* Begin PBXVariantGroup section */
		6F37E94B1A5EBBF600BEA8BE /* Main.storyboard */ = {
			isa = PBXVariantGroup;
			children = (
				6F37E94C1A5EBBF600BEA8BE /* Base */,
			);
			name = Main.storyboard;
			sourceTree = "<group>";
		};
		6F37E9501A5EBBF600BEA8BE /* LaunchScreen.xib */ = {
			isa = PBXVariantGroup;
			children = (
				6F37E9511A5EBBF600BEA8BE /* Base */,
			);
			name = LaunchScreen.xib;
			sourceTree = "<group>";
		};
/* End PBXVariantGroup section */

/* Begin XCBuildConfiguration section */
		6F37E95F1A5EBBF600BEA8BE /* Debug */ = {
			isa = XCBuildConfiguration;
			buildSettings = {
				ALWAYS_SEARCH_USER_PATHS = NO;
				CLANG_CXX_LANGUAGE_STANDARD = "gnu++0x";
				CLANG_CXX_LIBRARY = "libc++";
				CLANG_ENABLE_MODULES = YES;
				CLANG_ENABLE_OBJC_ARC = YES;
				CLANG_WARN_BOOL_CONVERSION = YES;
				CLANG_WARN_CONSTANT_CONVERSION = YES;
				CLANG_WARN_DIRECT_OBJC_ISA_USAGE = YES_ERROR;
				CLANG_WARN_EMPTY_BODY = YES;
				CLANG_WARN_ENUM_CONVERSION = YES;
				CLANG_WARN_INT_CONVERSION = YES;
				CLANG_WARN_OBJC_ROOT_CLASS = YES_ERROR;
				CLANG_WARN_UNREACHABLE_CODE = YES;
				CLANG_WARN__DUPLICATE_METHOD_MATCH = YES;
				"CODE_SIGN_IDENTITY[sdk=iphoneos*]" = "iPhone Developer";
				COPY_PHASE_STRIP = NO;
				ENABLE_STRICT_OBJC_MSGSEND = YES;
				GCC_C_LANGUAGE_STANDARD = gnu99;
				GCC_DYNAMIC_NO_PIC = NO;
				GCC_OPTIMIZATION_LEVEL = 0;
				GCC_PREPROCESSOR_DEFINITIONS = (
					"DEBUG=1",
					"$(inherited)",
				);
				GCC_SYMBOLS_PRIVATE_EXTERN = NO;
				GCC_WARN_64_TO_32_BIT_CONVERSION = YES;
				GCC_WARN_ABOUT_RETURN_TYPE = YES_ERROR;
				GCC_WARN_UNDECLARED_SELECTOR = YES;
				GCC_WARN_UNINITIALIZED_AUTOS = YES_AGGRESSIVE;
				GCC_WARN_UNUSED_FUNCTION = YES;
				GCC_WARN_UNUSED_VARIABLE = YES;
				IPHONEOS_DEPLOYMENT_TARGET = 8.1;
				MTL_ENABLE_DEBUG_INFO = YES;
				ONLY_ACTIVE_ARCH = YES;
				SDKROOT = iphoneos;
				TARGETED_DEVICE_FAMILY = "1,2";
			};
			name = Debug;
		};
		6F37E9601A5EBBF600BEA8BE /* Release */ = {
			isa = XCBuildConfiguration;
			buildSettings = {
				ALWAYS_SEARCH_USER_PATHS = NO;
				CLANG_CXX_LANGUAGE_STANDARD = "gnu++0x";
				CLANG_CXX_LIBRARY = "libc++";
				CLANG_ENABLE_MODULES = YES;
				CLANG_ENABLE_OBJC_ARC = YES;
				CLANG_WARN_BOOL_CONVERSION = YES;
				CLANG_WARN_CONSTANT_CONVERSION = YES;
				CLANG_WARN_DIRECT_OBJC_ISA_USAGE = YES_ERROR;
				CLANG_WARN_EMPTY_BODY = YES;
				CLANG_WARN_ENUM_CONVERSION = YES;
				CLANG_WARN_INT_CONVERSION = YES;
				CLANG_WARN_OBJC_ROOT_CLASS = YES_ERROR;
				CLANG_WARN_UNREACHABLE_CODE = YES;
				CLANG_WARN__DUPLICATE_METHOD_MATCH = YES;
				"CODE_SIGN_IDENTITY[sdk=iphoneos*]" = "iPhone Developer";
				COPY_PHASE_STRIP = YES;
				ENABLE_NS_ASSERTIONS = NO;
				ENABLE_STRICT_OBJC_MSGSEND = YES;
				GCC_C_LANGUAGE_STANDARD = gnu99;
				GCC_WARN_64_TO_32_BIT_CONVERSION = YES;
				GCC_WARN_ABOUT_RETURN_TYPE = YES_ERROR;
				GCC_WARN_UNDECLARED_SELECTOR = YES;
				GCC_WARN_UNINITIALIZED_AUTOS = YES_AGGRESSIVE;
				GCC_WARN_UNUSED_FUNCTION = YES;
				GCC_WARN_UNUSED_VARIABLE = YES;
				IPHONEOS_DEPLOYMENT_TARGET = 8.1;
				MTL_ENABLE_DEBUG_INFO = NO;
				SDKROOT = iphoneos;
				TARGETED_DEVICE_FAMILY = "1,2";
				VALIDATE_PRODUCT = YES;
			};
			name = Release;
		};
		6F37E9621A5EBBF600BEA8BE /* Debug */ = {
			isa = XCBuildConfiguration;
			buildSettings = {
				ASSETCATALOG_COMPILER_APPICON_NAME = AppIcon;
				INFOPLIST_FILE = xkcd/Info.plist;
				LD_RUNPATH_SEARCH_PATHS = "$(inherited) @executable_path/Frameworks";
				PRODUCT_NAME = "$(TARGET_NAME)";
			};
			name = Debug;
		};
		6F37E9631A5EBBF600BEA8BE /* Release */ = {
			isa = XCBuildConfiguration;
			buildSettings = {
				ASSETCATALOG_COMPILER_APPICON_NAME = AppIcon;
				INFOPLIST_FILE = xkcd/Info.plist;
				LD_RUNPATH_SEARCH_PATHS = "$(inherited) @executable_path/Frameworks";
				PRODUCT_NAME = "$(TARGET_NAME)";
			};
			name = Release;
		};
		6F37E9651A5EBBF600BEA8BE /* Debug */ = {
			isa = XCBuildConfiguration;
			buildSettings = {
				BUNDLE_LOADER = "$(TEST_HOST)";
				FRAMEWORK_SEARCH_PATHS = (
					"$(SDKROOT)/Developer/Library/Frameworks",
					"$(inherited)",
				);
				GCC_PREPROCESSOR_DEFINITIONS = (
					"DEBUG=1",
					"$(inherited)",
				);
				INFOPLIST_FILE = xkcdTests/Info.plist;
				LD_RUNPATH_SEARCH_PATHS = "$(inherited) @executable_path/Frameworks @loader_path/Frameworks";
				PRODUCT_NAME = "$(TARGET_NAME)";
				TEST_HOST = "$(BUILT_PRODUCTS_DIR)/xkcd.app/xkcd";
			};
			name = Debug;
		};
		6F37E9661A5EBBF600BEA8BE /* Release */ = {
			isa = XCBuildConfiguration;
			buildSettings = {
				BUNDLE_LOADER = "$(TEST_HOST)";
				FRAMEWORK_SEARCH_PATHS = (
					"$(SDKROOT)/Developer/Library/Frameworks",
					"$(inherited)",
				);
				INFOPLIST_FILE = xkcdTests/Info.plist;
				LD_RUNPATH_SEARCH_PATHS = "$(inherited) @executable_path/Frameworks @loader_path/Frameworks";
				PRODUCT_NAME = "$(TARGET_NAME)";
				TEST_HOST = "$(BUILT_PRODUCTS_DIR)/xkcd.app/xkcd";
			};
			name = Release;
		};
/* End XCBuildConfiguration section */

/* Begin XCConfigurationList section */
		6F37E9391A5EBBF600BEA8BE /* Build configuration list for PBXProject "xkcd" */ = {
			isa = XCConfigurationList;
			buildConfigurations = (
				6F37E95F1A5EBBF600BEA8BE /* Debug */,
				6F37E9601A5EBBF600BEA8BE /* Release */,
			);
			defaultConfigurationIsVisible = 0;
			defaultConfigurationName = Release;
		};
		6F37E9611A5EBBF600BEA8BE /* Build configuration list for PBXNativeTarget "xkcd" */ = {
			isa = XCConfigurationList;
			buildConfigurations = (
				6F37E9621A5EBBF600BEA8BE /* Debug */,
				6F37E9631A5EBBF600BEA8BE /* Release */,
			);
			defaultConfigurationIsVisible = 0;
			defaultConfigurationName = Release;
		};
		6F37E9641A5EBBF600BEA8BE /* Build configuration list for PBXNativeTarget "xkcdTests" */ = {
			isa = XCConfigurationList;
			buildConfigurations = (
				6F37E9651A5EBBF600BEA8BE /* Debug */,
				6F37E9661A5EBBF600BEA8BE /* Release */,
			);
			defaultConfigurationIsVisible = 0;
			defaultConfigurationName = Release;
		};
/* End XCConfigurationList section */
	};
	rootObject = 6F37E9361A5EBBF600BEA8BE /* Project object */;
}
